
Microsoft Visual Studio Solution File, Format Version 11.00
# Visual Studio 2010
Project("{FAE04EC0-301F-11D3-BF4B-00C04F79EFBC}") = "MikuMikuDanceXNA", "MikuMikuDanceXNA\MikuMikuDanceXNA.csproj", "{E9814344-4640-417C-8269-18363625B229}"
EndProject
Project("{FAE04EC0-301F-11D3-BF4B-00C04F79EFBC}") = "Xbox 360 用の MikuMikuDanceXNA のコピー", "MikuMikuDanceXNA\Xbox 360 用の MikuMikuDanceXNA のコピー.csproj", "{190EDC29-B9AD-446C-AD7A-06AB2EC5D5ED}"
EndProject
Project("{2150E333-8FDC-42A3-9474-1A3956D46DE8}") = "Solution Items", "Solution Items", "{16B349AE-072A-4BFB-B851-35834075B389}"
	ProjectSection(SolutionItems) = preProject
		BulletLicense.txt = BulletLicense.txt
		readme.txt = readme.txt
	EndProjectSection
EndProject
Project("{FAE04EC0-301F-11D3-BF4B-00C04F79EFBC}") = "MMDPipeline", "MMDPipeline\MMDPipeline.csproj", "{D0225B70-1092-47CF-AF40-69516961D775}"
EndProject
Project("{FAE04EC0-301F-11D3-BF4B-00C04F79EFBC}") = "MMDModelLibrary", "MMDModelLibrary\MMDModelLibrary.csproj", "{73B47545-8924-4D77-BADC-593A9F71E372}"
EndProject
Project("{FAE04EC0-301F-11D3-BF4B-00C04F79EFBC}") = "MikuMikuDanceXNADemo1", "MikuMikuDanceXNADemo1\MikuMikuDanceXNADemo1\MikuMikuDanceXNADemo1.csproj", "{DFD9381A-004F-4E93-ABA5-8E89A4A4E652}"
EndProject
Project("{FAE04EC0-301F-11D3-BF4B-00C04F79EFBC}") = "MikuMikuDanceXNADemo1Content", "MikuMikuDanceXNADemo1\MikuMikuDanceXNADemo1Content\MikuMikuDanceXNADemo1Content.contentproj", "{DA89B2CF-20A2-4EC1-9388-D302E4F28847}"
EndProject
Project("{FAE04EC0-301F-11D3-BF4B-00C04F79EFBC}") = "MMDMotionLibrary", "MMDMotionLibrary\MMDMotionLibrary.csproj", "{BA809094-C906-4EC1-B2B0-319E1EE4702A}"
EndProject
Project("{FAE04EC0-301F-11D3-BF4B-00C04F79EFBC}") = "BulletX", "BulletX\BulletX.csproj", "{06C3930B-4405-403F-AECB-43E16A1C17AA}"
EndProject
Project("{FAE04EC0-301F-11D3-BF4B-00C04F79EFBC}") = "MikuMikuDanceCore", "MikuMikuDanceCore\MikuMikuDanceCore.csproj", "{59AF880A-09A9-4884-8208-C36976EDF2B9}"
EndProject
Project("{FAE04EC0-301F-11D3-BF4B-00C04F79EFBC}") = "MMDXResource", "MMDXResource\MMDXResource.csproj", "{2E9C1189-52ED-457A-B1B1-7911BC2522F2}"
EndProject
Project("{FAE04EC0-301F-11D3-BF4B-00C04F79EFBC}") = "Xbox 360 用の BulletX のコピー", "BulletX\Xbox 360 用の BulletX のコピー.csproj", "{93FCCE90-A3EE-4E06-887A-D93F05613F3D}"
EndProject
Project("{FAE04EC0-301F-11D3-BF4B-00C04F79EFBC}") = "Xbox 360 用の MikuMikuDanceCore のコピー", "MikuMikuDanceCore\Xbox 360 用の MikuMikuDanceCore のコピー.csproj", "{48963946-14DB-49CF-BAF0-5FD850DD8378}"
EndProject
Project("{FAE04EC0-301F-11D3-BF4B-00C04F79EFBC}") = "Xbox 360 用の MikuMikuDanceXNADemo1 のコピー", "MikuMikuDanceXNADemo1\MikuMikuDanceXNADemo1\Xbox 360 用の MikuMikuDanceXNADemo1 のコピー.csproj", "{AD920258-C680-45CF-8A60-33AE4C239E99}"
EndProject
Project("{FAE04EC0-301F-11D3-BF4B-00C04F79EFBC}") = "MikuMikuDanceXNADemo2", "MikuMikuDanceXNADemo2\MikuMikuDanceXNADemo2\MikuMikuDanceXNADemo2.csproj", "{E88EC0A3-246D-485B-8A21-FC183FBE09E4}"
EndProject
Project("{FAE04EC0-301F-11D3-BF4B-00C04F79EFBC}") = "MikuMikuDanceXNADemo2Content", "MikuMikuDanceXNADemo2\MikuMikuDanceXNADemo2Content\MikuMikuDanceXNADemo2Content.contentproj", "{F0CA7983-2121-4B1A-8F72-5FE403F66088}"
EndProject
Project("{FAE04EC0-301F-11D3-BF4B-00C04F79EFBC}") = "MikuMikuDanceXNADemo4", "MikuMikuDanceXNADemo4\MikuMikuDanceXNADemo4\MikuMikuDanceXNADemo4.csproj", "{A6616CCF-88C4-4150-9020-018CE0506D77}"
EndProject
Project("{FAE04EC0-301F-11D3-BF4B-00C04F79EFBC}") = "MikuMikuDanceXNADemo4Content", "MikuMikuDanceXNADemo4\MikuMikuDanceXNADemo4Content\MikuMikuDanceXNADemo4Content.contentproj", "{DB64911E-8056-49BC-95E5-E8AC732D5B03}"
EndProject
Project("{FAE04EC0-301F-11D3-BF4B-00C04F79EFBC}") = "MikuMikuDanceXNADemo3", "MikuMikuDanceXNADemo3\MikuMikuDanceXNADemo3\MikuMikuDanceXNADemo3.csproj", "{6C39D26B-97E8-4E4C-869A-74183855A30A}"
EndProject
Project("{FAE04EC0-301F-11D3-BF4B-00C04F79EFBC}") = "MikuMikuDanceXNADemo3Content", "MikuMikuDanceXNADemo3\MikuMikuDanceXNADemo3Content\MikuMikuDanceXNADemo3Content.contentproj", "{B5EC0067-879C-4B22-A4E8-8584E5CB1895}"
EndProject
Project("{FAE04EC0-301F-11D3-BF4B-00C04F79EFBC}") = "MikuMikuDanceXNADemo5", "MikuMikuDanceXNADemo5\MikuMikuDanceXNADemo5\MikuMikuDanceXNADemo5.csproj", "{A9DC2048-BEBD-461D-88CD-21E7291C2BEB}"
EndProject
Project("{FAE04EC0-301F-11D3-BF4B-00C04F79EFBC}") = "MikuMikuDanceXNADemo5Content", "MikuMikuDanceXNADemo5\MikuMikuDanceXNADemo5Content\MikuMikuDanceXNADemo5Content.contentproj", "{1BA6F9C1-A109-4C6D-9629-9F906DE97C06}"
EndProject
Project("{FAE04EC0-301F-11D3-BF4B-00C04F79EFBC}") = "Xbox 360 用の MikuMikuDanceXNADemo2 のコピー", "MikuMikuDanceXNADemo2\MikuMikuDanceXNADemo2\Xbox 360 用の MikuMikuDanceXNADemo2 のコピー.csproj", "{53669CD5-1DDC-4C4C-ADF9-AE3092C16584}"
EndProject
Project("{FAE04EC0-301F-11D3-BF4B-00C04F79EFBC}") = "Xbox 360 用の MikuMikuDanceXNADemo3 のコピー", "MikuMikuDanceXNADemo3\MikuMikuDanceXNADemo3\Xbox 360 用の MikuMikuDanceXNADemo3 のコピー.csproj", "{0780A6A3-2027-4237-8D06-9B0CFD64057B}"
EndProject
Project("{FAE04EC0-301F-11D3-BF4B-00C04F79EFBC}") = "Xbox 360 用の MikuMikuDanceXNADemo4 のコピー", "MikuMikuDanceXNADemo4\MikuMikuDanceXNADemo4\Xbox 360 用の MikuMikuDanceXNADemo4 のコピー.csproj", "{BF337D31-0FB1-440D-98F4-3BF83999E90E}"
EndProject
Project("{FAE04EC0-301F-11D3-BF4B-00C04F79EFBC}") = "Xbox 360 用の MikuMikuDanceXNADemo5 のコピー", "MikuMikuDanceXNADemo5\MikuMikuDanceXNADemo5\Xbox 360 用の MikuMikuDanceXNADemo5 のコピー.csproj", "{8C41D73C-48F0-4EBC-8026-60B2CE0AC62F}"
EndProject
Project("{FAE04EC0-301F-11D3-BF4B-00C04F79EFBC}") = "MikuMikuDanceXNADemo6", "MikuMikuDanceXNADemo6\MikuMikuDanceXNADemo6\MikuMikuDanceXNADemo6.csproj", "{ED5B3B6E-0F8C-4BF6-BA89-C234C562DCD9}"
EndProject
Project("{96E2B04D-8817-42C6-938A-82C39BA4D311}") = "MikuMikuDanceXNADemo6Content", "MikuMikuDanceXNADemo6\MikuMikuDanceXNADemo6Content\MikuMikuDanceXNADemo6Content.contentproj", "{13F422A2-C456-4529-BA66-2485CF3EFADC}"
EndProject
Project("{FAE04EC0-301F-11D3-BF4B-00C04F79EFBC}") = "Xbox 360 用の MikuMikuDanceXNADemo6 のコピー", "MikuMikuDanceXNADemo6\MikuMikuDanceXNADemo6\Xbox 360 用の MikuMikuDanceXNADemo6 のコピー.csproj", "{D5C54771-6820-42C4-AB4E-CEB8E64B6188}"
EndProject
Global
	GlobalSection(SolutionConfigurationPlatforms) = preSolution
		Debug|Mixed Platforms = Debug|Mixed Platforms
		Debug|Windows Phone = Debug|Windows Phone
		Debug|x86 = Debug|x86
		Debug|Xbox 360 = Debug|Xbox 360
		Release|Mixed Platforms = Release|Mixed Platforms
		Release|Windows Phone = Release|Windows Phone
		Release|x86 = Release|x86
		Release|Xbox 360 = Release|Xbox 360
	EndGlobalSection
	GlobalSection(ProjectConfigurationPlatforms) = postSolution
		{E9814344-4640-417C-8269-18363625B229}.Debug|Mixed Platforms.ActiveCfg = Debug|x86
		{E9814344-4640-417C-8269-18363625B229}.Debug|Mixed Platforms.Build.0 = Debug|x86
		{E9814344-4640-417C-8269-18363625B229}.Debug|Windows Phone.ActiveCfg = Debug|x86
		{E9814344-4640-417C-8269-18363625B229}.Debug|Windows Phone.Build.0 = Debug|x86
		{E9814344-4640-417C-8269-18363625B229}.Debug|x86.ActiveCfg = Debug|x86
		{E9814344-4640-417C-8269-18363625B229}.Debug|x86.Build.0 = Debug|x86
		{E9814344-4640-417C-8269-18363625B229}.Debug|Xbox 360.ActiveCfg = Debug|x86
		{E9814344-4640-417C-8269-18363625B229}.Release|Mixed Platforms.ActiveCfg = Release|x86
		{E9814344-4640-417C-8269-18363625B229}.Release|Mixed Platforms.Build.0 = Release|x86
		{E9814344-4640-417C-8269-18363625B229}.Release|Windows Phone.ActiveCfg = Release|x86
		{E9814344-4640-417C-8269-18363625B229}.Release|Windows Phone.Build.0 = Release|x86
		{E9814344-4640-417C-8269-18363625B229}.Release|x86.ActiveCfg = Release|x86
		{E9814344-4640-417C-8269-18363625B229}.Release|x86.Build.0 = Release|x86
		{E9814344-4640-417C-8269-18363625B229}.Release|Xbox 360.ActiveCfg = Release|x86
		{E9814344-4640-417C-8269-18363625B229}.Release|Xbox 360.Build.0 = Release|x86
		{190EDC29-B9AD-446C-AD7A-06AB2EC5D5ED}.Debug|Mixed Platforms.ActiveCfg = Debug|Xbox 360
		{190EDC29-B9AD-446C-AD7A-06AB2EC5D5ED}.Debug|Mixed Platforms.Build.0 = Debug|Xbox 360
		{190EDC29-B9AD-446C-AD7A-06AB2EC5D5ED}.Debug|Windows Phone.ActiveCfg = Debug|Xbox 360
		{190EDC29-B9AD-446C-AD7A-06AB2EC5D5ED}.Debug|Windows Phone.Build.0 = Debug|Xbox 360
		{190EDC29-B9AD-446C-AD7A-06AB2EC5D5ED}.Debug|x86.ActiveCfg = Debug|Xbox 360
		{190EDC29-B9AD-446C-AD7A-06AB2EC5D5ED}.Debug|Xbox 360.ActiveCfg = Debug|Xbox 360
		{190EDC29-B9AD-446C-AD7A-06AB2EC5D5ED}.Debug|Xbox 360.Build.0 = Debug|Xbox 360
		{190EDC29-B9AD-446C-AD7A-06AB2EC5D5ED}.Release|Mixed Platforms.ActiveCfg = Release|Xbox 360
		{190EDC29-B9AD-446C-AD7A-06AB2EC5D5ED}.Release|Mixed Platforms.Build.0 = Release|Xbox 360
		{190EDC29-B9AD-446C-AD7A-06AB2EC5D5ED}.Release|Windows Phone.ActiveCfg = Release|Xbox 360
		{190EDC29-B9AD-446C-AD7A-06AB2EC5D5ED}.Release|Windows Phone.Build.0 = Release|Xbox 360
		{190EDC29-B9AD-446C-AD7A-06AB2EC5D5ED}.Release|x86.ActiveCfg = Release|Xbox 360
		{190EDC29-B9AD-446C-AD7A-06AB2EC5D5ED}.Release|Xbox 360.ActiveCfg = Release|Xbox 360
		{190EDC29-B9AD-446C-AD7A-06AB2EC5D5ED}.Release|Xbox 360.Build.0 = Release|Xbox 360
		{D0225B70-1092-47CF-AF40-69516961D775}.Debug|Mixed Platforms.ActiveCfg = Debug|x86
		{D0225B70-1092-47CF-AF40-69516961D775}.Debug|Mixed Platforms.Build.0 = Debug|x86
		{D0225B70-1092-47CF-AF40-69516961D775}.Debug|Windows Phone.ActiveCfg = Debug|x86
		{D0225B70-1092-47CF-AF40-69516961D775}.Debug|Windows Phone.Build.0 = Debug|x86
		{D0225B70-1092-47CF-AF40-69516961D775}.Debug|x86.ActiveCfg = Debug|x86
		{D0225B70-1092-47CF-AF40-69516961D775}.Debug|x86.Build.0 = Debug|x86
		{D0225B70-1092-47CF-AF40-69516961D775}.Debug|Xbox 360.ActiveCfg = Debug|x86
		{D0225B70-1092-47CF-AF40-69516961D775}.Debug|Xbox 360.Build.0 = Debug|x86
		{D0225B70-1092-47CF-AF40-69516961D775}.Release|Mixed Platforms.ActiveCfg = Debug|x86
		{D0225B70-1092-47CF-AF40-69516961D775}.Release|Mixed Platforms.Build.0 = Debug|x86
		{D0225B70-1092-47CF-AF40-69516961D775}.Release|Windows Phone.ActiveCfg = Debug|x86
		{D0225B70-1092-47CF-AF40-69516961D775}.Release|Windows Phone.Build.0 = Debug|x86
		{D0225B70-1092-47CF-AF40-69516961D775}.Release|x86.ActiveCfg = Debug|x86
		{D0225B70-1092-47CF-AF40-69516961D775}.Release|x86.Build.0 = Debug|x86
		{D0225B70-1092-47CF-AF40-69516961D775}.Release|Xbox 360.ActiveCfg = Debug|x86
		{D0225B70-1092-47CF-AF40-69516961D775}.Release|Xbox 360.Build.0 = Debug|x86
		{73B47545-8924-4D77-BADC-593A9F71E372}.Debug|Mixed Platforms.ActiveCfg = Debug|Any CPU
		{73B47545-8924-4D77-BADC-593A9F71E372}.Debug|Mixed Platforms.Build.0 = Debug|Any CPU
		{73B47545-8924-4D77-BADC-593A9F71E372}.Debug|Windows Phone.ActiveCfg = Debug|x86
		{73B47545-8924-4D77-BADC-593A9F71E372}.Debug|Windows Phone.Build.0 = Debug|x86
		{73B47545-8924-4D77-BADC-593A9F71E372}.Debug|x86.ActiveCfg = Debug|x86
		{73B47545-8924-4D77-BADC-593A9F71E372}.Debug|x86.Build.0 = Debug|x86
		{73B47545-8924-4D77-BADC-593A9F71E372}.Debug|Xbox 360.ActiveCfg = Debug|x86
		{73B47545-8924-4D77-BADC-593A9F71E372}.Debug|Xbox 360.Build.0 = Debug|x86
		{73B47545-8924-4D77-BADC-593A9F71E372}.Release|Mixed Platforms.ActiveCfg = Release|Any CPU
		{73B47545-8924-4D77-BADC-593A9F71E372}.Release|Mixed Platforms.Build.0 = Release|Any CPU
		{73B47545-8924-4D77-BADC-593A9F71E372}.Release|Windows Phone.ActiveCfg = Release|x86
		{73B47545-8924-4D77-BADC-593A9F71E372}.Release|Windows Phone.Build.0 = Release|x86
		{73B47545-8924-4D77-BADC-593A9F71E372}.Release|x86.ActiveCfg = Release|x86
		{73B47545-8924-4D77-BADC-593A9F71E372}.Release|x86.Build.0 = Release|x86
		{73B47545-8924-4D77-BADC-593A9F71E372}.Release|Xbox 360.ActiveCfg = Release|x86
		{73B47545-8924-4D77-BADC-593A9F71E372}.Release|Xbox 360.Build.0 = Release|x86
		{DFD9381A-004F-4E93-ABA5-8E89A4A4E652}.Debug|Mixed Platforms.ActiveCfg = Debug|x86
		{DFD9381A-004F-4E93-ABA5-8E89A4A4E652}.Debug|Mixed Platforms.Build.0 = Debug|x86
		{DFD9381A-004F-4E93-ABA5-8E89A4A4E652}.Debug|Windows Phone.ActiveCfg = Debug|x86
		{DFD9381A-004F-4E93-ABA5-8E89A4A4E652}.Debug|x86.ActiveCfg = Debug|x86
		{DFD9381A-004F-4E93-ABA5-8E89A4A4E652}.Debug|x86.Build.0 = Debug|x86
		{DFD9381A-004F-4E93-ABA5-8E89A4A4E652}.Debug|Xbox 360.ActiveCfg = Debug|x86
		{DFD9381A-004F-4E93-ABA5-8E89A4A4E652}.Release|Mixed Platforms.ActiveCfg = Release|x86
		{DFD9381A-004F-4E93-ABA5-8E89A4A4E652}.Release|Mixed Platforms.Build.0 = Release|x86
		{DFD9381A-004F-4E93-ABA5-8E89A4A4E652}.Release|Windows Phone.ActiveCfg = Release|x86
		{DFD9381A-004F-4E93-ABA5-8E89A4A4E652}.Release|x86.ActiveCfg = Release|x86
		{DFD9381A-004F-4E93-ABA5-8E89A4A4E652}.Release|x86.Build.0 = Release|x86
		{DFD9381A-004F-4E93-ABA5-8E89A4A4E652}.Release|Xbox 360.ActiveCfg = Release|x86
		{DA89B2CF-20A2-4EC1-9388-D302E4F28847}.Debug|Mixed Platforms.ActiveCfg = Debug|x86
		{DA89B2CF-20A2-4EC1-9388-D302E4F28847}.Debug|Windows Phone.ActiveCfg = Debug|x86
		{DA89B2CF-20A2-4EC1-9388-D302E4F28847}.Debug|x86.ActiveCfg = Debug|x86
		{DA89B2CF-20A2-4EC1-9388-D302E4F28847}.Debug|Xbox 360.ActiveCfg = Debug|x86
		{DA89B2CF-20A2-4EC1-9388-D302E4F28847}.Release|Mixed Platforms.ActiveCfg = Release|x86
		{DA89B2CF-20A2-4EC1-9388-D302E4F28847}.Release|Windows Phone.ActiveCfg = Release|x86
		{DA89B2CF-20A2-4EC1-9388-D302E4F28847}.Release|x86.ActiveCfg = Release|x86
		{DA89B2CF-20A2-4EC1-9388-D302E4F28847}.Release|Xbox 360.ActiveCfg = Release|x86
		{BA809094-C906-4EC1-B2B0-319E1EE4702A}.Debug|Mixed Platforms.ActiveCfg = Debug|Any CPU
		{BA809094-C906-4EC1-B2B0-319E1EE4702A}.Debug|Mixed Platforms.Build.0 = Debug|Any CPU
		{BA809094-C906-4EC1-B2B0-319E1EE4702A}.Debug|Windows Phone.ActiveCfg = Debug|x86
		{BA809094-C906-4EC1-B2B0-319E1EE4702A}.Debug|Windows Phone.Build.0 = Debug|x86
		{BA809094-C906-4EC1-B2B0-319E1EE4702A}.Debug|x86.ActiveCfg = Debug|x86
		{BA809094-C906-4EC1-B2B0-319E1EE4702A}.Debug|x86.Build.0 = Debug|x86
		{BA809094-C906-4EC1-B2B0-319E1EE4702A}.Debug|Xbox 360.ActiveCfg = Debug|x86
		{BA809094-C906-4EC1-B2B0-319E1EE4702A}.Debug|Xbox 360.Build.0 = Debug|x86
		{BA809094-C906-4EC1-B2B0-319E1EE4702A}.Release|Mixed Platforms.ActiveCfg = Release|Any CPU
		{BA809094-C906-4EC1-B2B0-319E1EE4702A}.Release|Mixed Platforms.Build.0 = Release|Any CPU
		{BA809094-C906-4EC1-B2B0-319E1EE4702A}.Release|Windows Phone.ActiveCfg = Release|x86
		{BA809094-C906-4EC1-B2B0-319E1EE4702A}.Release|Windows Phone.Build.0 = Release|x86
		{BA809094-C906-4EC1-B2B0-319E1EE4702A}.Release|x86.ActiveCfg = Release|x86
		{BA809094-C906-4EC1-B2B0-319E1EE4702A}.Release|x86.Build.0 = Release|x86
		{BA809094-C906-4EC1-B2B0-319E1EE4702A}.Release|Xbox 360.ActiveCfg = Release|x86
		{BA809094-C906-4EC1-B2B0-319E1EE4702A}.Release|Xbox 360.Build.0 = Release|x86
		{06C3930B-4405-403F-AECB-43E16A1C17AA}.Debug|Mixed Platforms.ActiveCfg = Debug|x86
		{06C3930B-4405-403F-AECB-43E16A1C17AA}.Debug|Mixed Platforms.Build.0 = Debug|x86
		{06C3930B-4405-403F-AECB-43E16A1C17AA}.Debug|Windows Phone.ActiveCfg = Debug|x86
		{06C3930B-4405-403F-AECB-43E16A1C17AA}.Debug|x86.ActiveCfg = Debug|x86
		{06C3930B-4405-403F-AECB-43E16A1C17AA}.Debug|x86.Build.0 = Debug|x86
		{06C3930B-4405-403F-AECB-43E16A1C17AA}.Debug|Xbox 360.ActiveCfg = Debug|x86
		{06C3930B-4405-403F-AECB-43E16A1C17AA}.Release|Mixed Platforms.ActiveCfg = Release|x86
		{06C3930B-4405-403F-AECB-43E16A1C17AA}.Release|Mixed Platforms.Build.0 = Release|x86
		{06C3930B-4405-403F-AECB-43E16A1C17AA}.Release|Windows Phone.ActiveCfg = Release|x86
		{06C3930B-4405-403F-AECB-43E16A1C17AA}.Release|x86.ActiveCfg = Release|x86
		{06C3930B-4405-403F-AECB-43E16A1C17AA}.Release|x86.Build.0 = Release|x86
		{06C3930B-4405-403F-AECB-43E16A1C17AA}.Release|Xbox 360.ActiveCfg = Release|x86
		{59AF880A-09A9-4884-8208-C36976EDF2B9}.Debug|Mixed Platforms.ActiveCfg = Debug|x86
		{59AF880A-09A9-4884-8208-C36976EDF2B9}.Debug|Mixed Platforms.Build.0 = Debug|x86
		{59AF880A-09A9-4884-8208-C36976EDF2B9}.Debug|Windows Phone.ActiveCfg = Debug|x86
		{59AF880A-09A9-4884-8208-C36976EDF2B9}.Debug|x86.ActiveCfg = Debug|x86
		{59AF880A-09A9-4884-8208-C36976EDF2B9}.Debug|x86.Build.0 = Debug|x86
		{59AF880A-09A9-4884-8208-C36976EDF2B9}.Debug|Xbox 360.ActiveCfg = Debug|x86
		{59AF880A-09A9-4884-8208-C36976EDF2B9}.Release|Mixed Platforms.ActiveCfg = Release|x86
		{59AF880A-09A9-4884-8208-C36976EDF2B9}.Release|Mixed Platforms.Build.0 = Release|x86
		{59AF880A-09A9-4884-8208-C36976EDF2B9}.Release|Windows Phone.ActiveCfg = Release|x86
		{59AF880A-09A9-4884-8208-C36976EDF2B9}.Release|x86.ActiveCfg = Release|x86
		{59AF880A-09A9-4884-8208-C36976EDF2B9}.Release|x86.Build.0 = Release|x86
		{59AF880A-09A9-4884-8208-C36976EDF2B9}.Release|Xbox 360.ActiveCfg = Release|x86
		{2E9C1189-52ED-457A-B1B1-7911BC2522F2}.Debug|Mixed Platforms.ActiveCfg = Debug|x86
		{2E9C1189-52ED-457A-B1B1-7911BC2522F2}.Debug|Mixed Platforms.Build.0 = Debug|x86
		{2E9C1189-52ED-457A-B1B1-7911BC2522F2}.Debug|Windows Phone.ActiveCfg = Debug|x86
		{2E9C1189-52ED-457A-B1B1-7911BC2522F2}.Debug|Windows Phone.Build.0 = Debug|x86
		{2E9C1189-52ED-457A-B1B1-7911BC2522F2}.Debug|x86.ActiveCfg = Debug|x86
		{2E9C1189-52ED-457A-B1B1-7911BC2522F2}.Debug|x86.Build.0 = Debug|x86
		{2E9C1189-52ED-457A-B1B1-7911BC2522F2}.Debug|Xbox 360.ActiveCfg = Debug|Any CPU
		{2E9C1189-52ED-457A-B1B1-7911BC2522F2}.Debug|Xbox 360.Build.0 = Debug|Any CPU
		{2E9C1189-52ED-457A-B1B1-7911BC2522F2}.Release|Mixed Platforms.ActiveCfg = Release|x86
		{2E9C1189-52ED-457A-B1B1-7911BC2522F2}.Release|Mixed Platforms.Build.0 = Release|x86
		{2E9C1189-52ED-457A-B1B1-7911BC2522F2}.Release|Windows Phone.ActiveCfg = Release|x86
		{2E9C1189-52ED-457A-B1B1-7911BC2522F2}.Release|Windows Phone.Build.0 = Release|x86
		{2E9C1189-52ED-457A-B1B1-7911BC2522F2}.Release|x86.ActiveCfg = Release|x86
		{2E9C1189-52ED-457A-B1B1-7911BC2522F2}.Release|x86.Build.0 = Release|x86
		{2E9C1189-52ED-457A-B1B1-7911BC2522F2}.Release|Xbox 360.ActiveCfg = Release|x86
		{2E9C1189-52ED-457A-B1B1-7911BC2522F2}.Release|Xbox 360.Build.0 = Release|x86
		{93FCCE90-A3EE-4E06-887A-D93F05613F3D}.Debug|Mixed Platforms.ActiveCfg = Debug|Xbox 360
		{93FCCE90-A3EE-4E06-887A-D93F05613F3D}.Debug|Mixed Platforms.Build.0 = Debug|Xbox 360
		{93FCCE90-A3EE-4E06-887A-D93F05613F3D}.Debug|Windows Phone.ActiveCfg = Debug|Xbox 360
		{93FCCE90-A3EE-4E06-887A-D93F05613F3D}.Debug|x86.ActiveCfg = Debug|Xbox 360
		{93FCCE90-A3EE-4E06-887A-D93F05613F3D}.Debug|Xbox 360.ActiveCfg = Debug|Xbox 360
		{93FCCE90-A3EE-4E06-887A-D93F05613F3D}.Debug|Xbox 360.Build.0 = Debug|Xbox 360
		{93FCCE90-A3EE-4E06-887A-D93F05613F3D}.Release|Mixed Platforms.ActiveCfg = Release|Xbox 360
		{93FCCE90-A3EE-4E06-887A-D93F05613F3D}.Release|Mixed Platforms.Build.0 = Release|Xbox 360
		{93FCCE90-A3EE-4E06-887A-D93F05613F3D}.Release|Windows Phone.ActiveCfg = Release|Xbox 360
		{93FCCE90-A3EE-4E06-887A-D93F05613F3D}.Release|x86.ActiveCfg = Release|Xbox 360
		{93FCCE90-A3EE-4E06-887A-D93F05613F3D}.Release|Xbox 360.ActiveCfg = Release|Xbox 360
		{93FCCE90-A3EE-4E06-887A-D93F05613F3D}.Release|Xbox 360.Build.0 = Release|Xbox 360
		{48963946-14DB-49CF-BAF0-5FD850DD8378}.Debug|Mixed Platforms.ActiveCfg = Debug|Xbox 360
		{48963946-14DB-49CF-BAF0-5FD850DD8378}.Debug|Mixed Platforms.Build.0 = Debug|Xbox 360
		{48963946-14DB-49CF-BAF0-5FD850DD8378}.Debug|Windows Phone.ActiveCfg = Debug|Xbox 360
		{48963946-14DB-49CF-BAF0-5FD850DD8378}.Debug|x86.ActiveCfg = Debug|Xbox 360
		{48963946-14DB-49CF-BAF0-5FD850DD8378}.Debug|Xbox 360.ActiveCfg = Debug|Xbox 360
		{48963946-14DB-49CF-BAF0-5FD850DD8378}.Debug|Xbox 360.Build.0 = Debug|Xbox 360
		{48963946-14DB-49CF-BAF0-5FD850DD8378}.Release|Mixed Platforms.ActiveCfg = Release|Xbox 360
		{48963946-14DB-49CF-BAF0-5FD850DD8378}.Release|Mixed Platforms.Build.0 = Release|Xbox 360
		{48963946-14DB-49CF-BAF0-5FD850DD8378}.Release|Windows Phone.ActiveCfg = Release|Xbox 360
		{48963946-14DB-49CF-BAF0-5FD850DD8378}.Release|x86.ActiveCfg = Release|Xbox 360
		{48963946-14DB-49CF-BAF0-5FD850DD8378}.Release|Xbox 360.ActiveCfg = Release|Xbox 360
		{48963946-14DB-49CF-BAF0-5FD850DD8378}.Release|Xbox 360.Build.0 = Release|Xbox 360
		{AD920258-C680-45CF-8A60-33AE4C239E99}.Debug|Mixed Platforms.ActiveCfg = Debug|Xbox 360
		{AD920258-C680-45CF-8A60-33AE4C239E99}.Debug|Mixed Platforms.Build.0 = Debug|Xbox 360
		{AD920258-C680-45CF-8A60-33AE4C239E99}.Debug|Mixed Platforms.Deploy.0 = Debug|Xbox 360
		{AD920258-C680-45CF-8A60-33AE4C239E99}.Debug|Windows Phone.ActiveCfg = Debug|Xbox 360
		{AD920258-C680-45CF-8A60-33AE4C239E99}.Debug|x86.ActiveCfg = Debug|Xbox 360
		{AD920258-C680-45CF-8A60-33AE4C239E99}.Debug|Xbox 360.ActiveCfg = Debug|Xbox 360
		{AD920258-C680-45CF-8A60-33AE4C239E99}.Debug|Xbox 360.Build.0 = Debug|Xbox 360
		{AD920258-C680-45CF-8A60-33AE4C239E99}.Debug|Xbox 360.Deploy.0 = Debug|Xbox 360
		{AD920258-C680-45CF-8A60-33AE4C239E99}.Release|Mixed Platforms.ActiveCfg = Release|Xbox 360
		{AD920258-C680-45CF-8A60-33AE4C239E99}.Release|Mixed Platforms.Build.0 = Release|Xbox 360
		{AD920258-C680-45CF-8A60-33AE4C239E99}.Release|Mixed Platforms.Deploy.0 = Release|Xbox 360
		{AD920258-C680-45CF-8A60-33AE4C239E99}.Release|Windows Phone.ActiveCfg = Release|Xbox 360
		{AD920258-C680-45CF-8A60-33AE4C239E99}.Release|x86.ActiveCfg = Release|Xbox 360
		{AD920258-C680-45CF-8A60-33AE4C239E99}.Release|Xbox 360.ActiveCfg = Release|Xbox 360
		{AD920258-C680-45CF-8A60-33AE4C239E99}.Release|Xbox 360.Build.0 = Release|Xbox 360
		{AD920258-C680-45CF-8A60-33AE4C239E99}.Release|Xbox 360.Deploy.0 = Release|Xbox 360
		{E88EC0A3-246D-485B-8A21-FC183FBE09E4}.Debug|Mixed Platforms.ActiveCfg = Debug|x86
		{E88EC0A3-246D-485B-8A21-FC183FBE09E4}.Debug|Mixed Platforms.Build.0 = Debug|x86
		{E88EC0A3-246D-485B-8A21-FC183FBE09E4}.Debug|Windows Phone.ActiveCfg = Debug|x86
		{E88EC0A3-246D-485B-8A21-FC183FBE09E4}.Debug|x86.ActiveCfg = Debug|x86
		{E88EC0A3-246D-485B-8A21-FC183FBE09E4}.Debug|x86.Build.0 = Debug|x86
		{E88EC0A3-246D-485B-8A21-FC183FBE09E4}.Debug|Xbox 360.ActiveCfg = Debug|x86
		{E88EC0A3-246D-485B-8A21-FC183FBE09E4}.Release|Mixed Platforms.ActiveCfg = Release|x86
		{E88EC0A3-246D-485B-8A21-FC183FBE09E4}.Release|Mixed Platforms.Build.0 = Release|x86
		{E88EC0A3-246D-485B-8A21-FC183FBE09E4}.Release|Windows Phone.ActiveCfg = Release|x86
		{E88EC0A3-246D-485B-8A21-FC183FBE09E4}.Release|x86.ActiveCfg = Release|x86
		{E88EC0A3-246D-485B-8A21-FC183FBE09E4}.Release|x86.Build.0 = Release|x86
		{E88EC0A3-246D-485B-8A21-FC183FBE09E4}.Release|Xbox 360.ActiveCfg = Release|x86
		{F0CA7983-2121-4B1A-8F72-5FE403F66088}.Debug|Mixed Platforms.ActiveCfg = Debug|x86
		{F0CA7983-2121-4B1A-8F72-5FE403F66088}.Debug|Windows Phone.ActiveCfg = Debug|x86
		{F0CA7983-2121-4B1A-8F72-5FE403F66088}.Debug|x86.ActiveCfg = Debug|x86
		{F0CA7983-2121-4B1A-8F72-5FE403F66088}.Debug|Xbox 360.ActiveCfg = Debug|x86
		{F0CA7983-2121-4B1A-8F72-5FE403F66088}.Release|Mixed Platforms.ActiveCfg = Release|x86
		{F0CA7983-2121-4B1A-8F72-5FE403F66088}.Release|Windows Phone.ActiveCfg = Release|x86
		{F0CA7983-2121-4B1A-8F72-5FE403F66088}.Release|x86.ActiveCfg = Release|x86
		{F0CA7983-2121-4B1A-8F72-5FE403F66088}.Release|Xbox 360.ActiveCfg = Release|x86
		{A6616CCF-88C4-4150-9020-018CE0506D77}.Debug|Mixed Platforms.ActiveCfg = Debug|x86
		{A6616CCF-88C4-4150-9020-018CE0506D77}.Debug|Mixed Platforms.Build.0 = Debug|x86
		{A6616CCF-88C4-4150-9020-018CE0506D77}.Debug|Windows Phone.ActiveCfg = Debug|x86
		{A6616CCF-88C4-4150-9020-018CE0506D77}.Debug|x86.ActiveCfg = Debug|x86
		{A6616CCF-88C4-4150-9020-018CE0506D77}.Debug|x86.Build.0 = Debug|x86
		{A6616CCF-88C4-4150-9020-018CE0506D77}.Debug|Xbox 360.ActiveCfg = Debug|x86
		{A6616CCF-88C4-4150-9020-018CE0506D77}.Release|Mixed Platforms.ActiveCfg = Release|x86
		{A6616CCF-88C4-4150-9020-018CE0506D77}.Release|Mixed Platforms.Build.0 = Release|x86
		{A6616CCF-88C4-4150-9020-018CE0506D77}.Release|Windows Phone.ActiveCfg = Release|x86
		{A6616CCF-88C4-4150-9020-018CE0506D77}.Release|x86.ActiveCfg = Release|x86
		{A6616CCF-88C4-4150-9020-018CE0506D77}.Release|x86.Build.0 = Release|x86
		{A6616CCF-88C4-4150-9020-018CE0506D77}.Release|Xbox 360.ActiveCfg = Release|x86
		{DB64911E-8056-49BC-95E5-E8AC732D5B03}.Debug|Mixed Platforms.ActiveCfg = Debug|x86
		{DB64911E-8056-49BC-95E5-E8AC732D5B03}.Debug|Windows Phone.ActiveCfg = Debug|x86
		{DB64911E-8056-49BC-95E5-E8AC732D5B03}.Debug|x86.ActiveCfg = Debug|x86
		{DB64911E-8056-49BC-95E5-E8AC732D5B03}.Debug|Xbox 360.ActiveCfg = Debug|x86
		{DB64911E-8056-49BC-95E5-E8AC732D5B03}.Release|Mixed Platforms.ActiveCfg = Release|x86
		{DB64911E-8056-49BC-95E5-E8AC732D5B03}.Release|Windows Phone.ActiveCfg = Release|x86
		{DB64911E-8056-49BC-95E5-E8AC732D5B03}.Release|x86.ActiveCfg = Release|x86
		{DB64911E-8056-49BC-95E5-E8AC732D5B03}.Release|Xbox 360.ActiveCfg = Release|x86
		{6C39D26B-97E8-4E4C-869A-74183855A30A}.Debug|Mixed Platforms.ActiveCfg = Debug|x86
		{6C39D26B-97E8-4E4C-869A-74183855A30A}.Debug|Mixed Platforms.Build.0 = Debug|x86
		{6C39D26B-97E8-4E4C-869A-74183855A30A}.Debug|Windows Phone.ActiveCfg = Debug|x86
		{6C39D26B-97E8-4E4C-869A-74183855A30A}.Debug|x86.ActiveCfg = Debug|x86
		{6C39D26B-97E8-4E4C-869A-74183855A30A}.Debug|x86.Build.0 = Debug|x86
		{6C39D26B-97E8-4E4C-869A-74183855A30A}.Debug|Xbox 360.ActiveCfg = Debug|x86
		{6C39D26B-97E8-4E4C-869A-74183855A30A}.Release|Mixed Platforms.ActiveCfg = Release|x86
		{6C39D26B-97E8-4E4C-869A-74183855A30A}.Release|Mixed Platforms.Build.0 = Release|x86
		{6C39D26B-97E8-4E4C-869A-74183855A30A}.Release|Windows Phone.ActiveCfg = Release|x86
		{6C39D26B-97E8-4E4C-869A-74183855A30A}.Release|x86.ActiveCfg = Release|x86
		{6C39D26B-97E8-4E4C-869A-74183855A30A}.Release|x86.Build.0 = Release|x86
		{6C39D26B-97E8-4E4C-869A-74183855A30A}.Release|Xbox 360.ActiveCfg = Release|x86
		{B5EC0067-879C-4B22-A4E8-8584E5CB1895}.Debug|Mixed Platforms.ActiveCfg = Debug|x86
		{B5EC0067-879C-4B22-A4E8-8584E5CB1895}.Debug|Windows Phone.ActiveCfg = Debug|x86
		{B5EC0067-879C-4B22-A4E8-8584E5CB1895}.Debug|x86.ActiveCfg = Debug|x86
		{B5EC0067-879C-4B22-A4E8-8584E5CB1895}.Debug|Xbox 360.ActiveCfg = Debug|x86
		{B5EC0067-879C-4B22-A4E8-8584E5CB1895}.Release|Mixed Platforms.ActiveCfg = Release|x86
		{B5EC0067-879C-4B22-A4E8-8584E5CB1895}.Release|Windows Phone.ActiveCfg = Release|x86
		{B5EC0067-879C-4B22-A4E8-8584E5CB1895}.Release|x86.ActiveCfg = Release|x86
		{B5EC0067-879C-4B22-A4E8-8584E5CB1895}.Release|Xbox 360.ActiveCfg = Release|x86
		{A9DC2048-BEBD-461D-88CD-21E7291C2BEB}.Debug|Mixed Platforms.ActiveCfg = Debug|x86
		{A9DC2048-BEBD-461D-88CD-21E7291C2BEB}.Debug|Mixed Platforms.Build.0 = Debug|x86
		{A9DC2048-BEBD-461D-88CD-21E7291C2BEB}.Debug|Windows Phone.ActiveCfg = Debug|x86
		{A9DC2048-BEBD-461D-88CD-21E7291C2BEB}.Debug|x86.ActiveCfg = Debug|x86
		{A9DC2048-BEBD-461D-88CD-21E7291C2BEB}.Debug|x86.Build.0 = Debug|x86
		{A9DC2048-BEBD-461D-88CD-21E7291C2BEB}.Debug|Xbox 360.ActiveCfg = Debug|x86
		{A9DC2048-BEBD-461D-88CD-21E7291C2BEB}.Release|Mixed Platforms.ActiveCfg = Release|x86
		{A9DC2048-BEBD-461D-88CD-21E7291C2BEB}.Release|Mixed Platforms.Build.0 = Release|x86
		{A9DC2048-BEBD-461D-88CD-21E7291C2BEB}.Release|Windows Phone.ActiveCfg = Release|x86
		{A9DC2048-BEBD-461D-88CD-21E7291C2BEB}.Release|x86.ActiveCfg = Release|x86
		{A9DC2048-BEBD-461D-88CD-21E7291C2BEB}.Release|x86.Build.0 = Release|x86
		{A9DC2048-BEBD-461D-88CD-21E7291C2BEB}.Release|Xbox 360.ActiveCfg = Release|x86
		{1BA6F9C1-A109-4C6D-9629-9F906DE97C06}.Debug|Mixed Platforms.ActiveCfg = Debug|x86
		{1BA6F9C1-A109-4C6D-9629-9F906DE97C06}.Debug|Windows Phone.ActiveCfg = Debug|x86
		{1BA6F9C1-A109-4C6D-9629-9F906DE97C06}.Debug|x86.ActiveCfg = Debug|x86
		{1BA6F9C1-A109-4C6D-9629-9F906DE97C06}.Debug|Xbox 360.ActiveCfg = Debug|x86
		{1BA6F9C1-A109-4C6D-9629-9F906DE97C06}.Release|Mixed Platforms.ActiveCfg = Release|x86
		{1BA6F9C1-A109-4C6D-9629-9F906DE97C06}.Release|Windows Phone.ActiveCfg = Release|x86
		{1BA6F9C1-A109-4C6D-9629-9F906DE97C06}.Release|x86.ActiveCfg = Release|x86
		{1BA6F9C1-A109-4C6D-9629-9F906DE97C06}.Release|Xbox 360.ActiveCfg = Release|x86
		{53669CD5-1DDC-4C4C-ADF9-AE3092C16584}.Debug|Mixed Platforms.ActiveCfg = Debug|Xbox 360
		{53669CD5-1DDC-4C4C-ADF9-AE3092C16584}.Debug|Mixed Platforms.Build.0 = Debug|Xbox 360
		{53669CD5-1DDC-4C4C-ADF9-AE3092C16584}.Debug|Mixed Platforms.Deploy.0 = Debug|Xbox 360
		{53669CD5-1DDC-4C4C-ADF9-AE3092C16584}.Debug|Windows Phone.ActiveCfg = Debug|Xbox 360
		{53669CD5-1DDC-4C4C-ADF9-AE3092C16584}.Debug|x86.ActiveCfg = Debug|Xbox 360
		{53669CD5-1DDC-4C4C-ADF9-AE3092C16584}.Debug|Xbox 360.ActiveCfg = Debug|Xbox 360
		{53669CD5-1DDC-4C4C-ADF9-AE3092C16584}.Debug|Xbox 360.Build.0 = Debug|Xbox 360
		{53669CD5-1DDC-4C4C-ADF9-AE3092C16584}.Debug|Xbox 360.Deploy.0 = Debug|Xbox 360
		{53669CD5-1DDC-4C4C-ADF9-AE3092C16584}.Release|Mixed Platforms.ActiveCfg = Release|Xbox 360
		{53669CD5-1DDC-4C4C-ADF9-AE3092C16584}.Release|Mixed Platforms.Build.0 = Release|Xbox 360
		{53669CD5-1DDC-4C4C-ADF9-AE3092C16584}.Release|Mixed Platforms.Deploy.0 = Release|Xbox 360
		{53669CD5-1DDC-4C4C-ADF9-AE3092C16584}.Release|Windows Phone.ActiveCfg = Release|Xbox 360
		{53669CD5-1DDC-4C4C-ADF9-AE3092C16584}.Release|x86.ActiveCfg = Release|Xbox 360
		{53669CD5-1DDC-4C4C-ADF9-AE3092C16584}.Release|Xbox 360.ActiveCfg = Release|Xbox 360
		{53669CD5-1DDC-4C4C-ADF9-AE3092C16584}.Release|Xbox 360.Build.0 = Release|Xbox 360
		{53669CD5-1DDC-4C4C-ADF9-AE3092C16584}.Release|Xbox 360.Deploy.0 = Release|Xbox 360
		{0780A6A3-2027-4237-8D06-9B0CFD64057B}.Debug|Mixed Platforms.ActiveCfg = Debug|Xbox 360
		{0780A6A3-2027-4237-8D06-9B0CFD64057B}.Debug|Mixed Platforms.Build.0 = Debug|Xbox 360
		{0780A6A3-2027-4237-8D06-9B0CFD64057B}.Debug|Mixed Platforms.Deploy.0 = Debug|Xbox 360
		{0780A6A3-2027-4237-8D06-9B0CFD64057B}.Debug|Windows Phone.ActiveCfg = Debug|Xbox 360
		{0780A6A3-2027-4237-8D06-9B0CFD64057B}.Debug|x86.ActiveCfg = Debug|Xbox 360
		{0780A6A3-2027-4237-8D06-9B0CFD64057B}.Debug|Xbox 360.ActiveCfg = Debug|Xbox 360
		{0780A6A3-2027-4237-8D06-9B0CFD64057B}.Debug|Xbox 360.Build.0 = Debug|Xbox 360
		{0780A6A3-2027-4237-8D06-9B0CFD64057B}.Debug|Xbox 360.Deploy.0 = Debug|Xbox 360
		{0780A6A3-2027-4237-8D06-9B0CFD64057B}.Release|Mixed Platforms.ActiveCfg = Release|Xbox 360
		{0780A6A3-2027-4237-8D06-9B0CFD64057B}.Release|Mixed Platforms.Build.0 = Release|Xbox 360
		{0780A6A3-2027-4237-8D06-9B0CFD64057B}.Release|Mixed Platforms.Deploy.0 = Release|Xbox 360
		{0780A6A3-2027-4237-8D06-9B0CFD64057B}.Release|Windows Phone.ActiveCfg = Release|Xbox 360
		{0780A6A3-2027-4237-8D06-9B0CFD64057B}.Release|x86.ActiveCfg = Release|Xbox 360
		{0780A6A3-2027-4237-8D06-9B0CFD64057B}.Release|Xbox 360.ActiveCfg = Release|Xbox 360
		{0780A6A3-2027-4237-8D06-9B0CFD64057B}.Release|Xbox 360.Build.0 = Release|Xbox 360
		{0780A6A3-2027-4237-8D06-9B0CFD64057B}.Release|Xbox 360.Deploy.0 = Release|Xbox 360
		{BF337D31-0FB1-440D-98F4-3BF83999E90E}.Debug|Mixed Platforms.ActiveCfg = Debug|Xbox 360
		{BF337D31-0FB1-440D-98F4-3BF83999E90E}.Debug|Mixed Platforms.Build.0 = Debug|Xbox 360
		{BF337D31-0FB1-440D-98F4-3BF83999E90E}.Debug|Mixed Platforms.Deploy.0 = Debug|Xbox 360
		{BF337D31-0FB1-440D-98F4-3BF83999E90E}.Debug|Windows Phone.ActiveCfg = Debug|Xbox 360
		{BF337D31-0FB1-440D-98F4-3BF83999E90E}.Debug|x86.ActiveCfg = Debug|Xbox 360
		{BF337D31-0FB1-440D-98F4-3BF83999E90E}.Debug|Xbox 360.ActiveCfg = Debug|Xbox 360
		{BF337D31-0FB1-440D-98F4-3BF83999E90E}.Debug|Xbox 360.Build.0 = Debug|Xbox 360
		{BF337D31-0FB1-440D-98F4-3BF83999E90E}.Debug|Xbox 360.Deploy.0 = Debug|Xbox 360
		{BF337D31-0FB1-440D-98F4-3BF83999E90E}.Release|Mixed Platforms.ActiveCfg = Release|Xbox 360
		{BF337D31-0FB1-440D-98F4-3BF83999E90E}.Release|Mixed Platforms.Build.0 = Release|Xbox 360
		{BF337D31-0FB1-440D-98F4-3BF83999E90E}.Release|Mixed Platforms.Deploy.0 = Release|Xbox 360
		{BF337D31-0FB1-440D-98F4-3BF83999E90E}.Release|Windows Phone.ActiveCfg = Release|Xbox 360
		{BF337D31-0FB1-440D-98F4-3BF83999E90E}.Release|x86.ActiveCfg = Release|Xbox 360
		{BF337D31-0FB1-440D-98F4-3BF83999E90E}.Release|Xbox 360.ActiveCfg = Release|Xbox 360
		{BF337D31-0FB1-440D-98F4-3BF83999E90E}.Release|Xbox 360.Build.0 = Release|Xbox 360
		{BF337D31-0FB1-440D-98F4-3BF83999E90E}.Release|Xbox 360.Deploy.0 = Release|Xbox 360
		{8C41D73C-48F0-4EBC-8026-60B2CE0AC62F}.Debug|Mixed Platforms.ActiveCfg = Debug|Xbox 360
		{8C41D73C-48F0-4EBC-8026-60B2CE0AC62F}.Debug|Mixed Platforms.Build.0 = Debug|Xbox 360
		{8C41D73C-48F0-4EBC-8026-60B2CE0AC62F}.Debug|Mixed Platforms.Deploy.0 = Debug|Xbox 360
		{8C41D73C-48F0-4EBC-8026-60B2CE0AC62F}.Debug|Windows Phone.ActiveCfg = Debug|Xbox 360
		{8C41D73C-48F0-4EBC-8026-60B2CE0AC62F}.Debug|x86.ActiveCfg = Debug|Xbox 360
		{8C41D73C-48F0-4EBC-8026-60B2CE0AC62F}.Debug|Xbox 360.ActiveCfg = Debug|Xbox 360
		{8C41D73C-48F0-4EBC-8026-60B2CE0AC62F}.Debug|Xbox 360.Build.0 = Debug|Xbox 360
		{8C41D73C-48F0-4EBC-8026-60B2CE0AC62F}.Debug|Xbox 360.Deploy.0 = Debug|Xbox 360
		{8C41D73C-48F0-4EBC-8026-60B2CE0AC62F}.Release|Mixed Platforms.ActiveCfg = Release|Xbox 360
		{8C41D73C-48F0-4EBC-8026-60B2CE0AC62F}.Release|Mixed Platforms.Build.0 = Release|Xbox 360
		{8C41D73C-48F0-4EBC-8026-60B2CE0AC62F}.Release|Mixed Platforms.Deploy.0 = Release|Xbox 360
		{8C41D73C-48F0-4EBC-8026-60B2CE0AC62F}.Release|Windows Phone.ActiveCfg = Release|Xbox 360
		{8C41D73C-48F0-4EBC-8026-60B2CE0AC62F}.Release|x86.ActiveCfg = Release|Xbox 360
		{8C41D73C-48F0-4EBC-8026-60B2CE0AC62F}.Release|Xbox 360.ActiveCfg = Release|Xbox 360
		{8C41D73C-48F0-4EBC-8026-60B2CE0AC62F}.Release|Xbox 360.Build.0 = Release|Xbox 360
		{8C41D73C-48F0-4EBC-8026-60B2CE0AC62F}.Release|Xbox 360.Deploy.0 = Release|Xbox 360
		{ED5B3B6E-0F8C-4BF6-BA89-C234C562DCD9}.Debug|Mixed Platforms.ActiveCfg = Debug|x86
		{ED5B3B6E-0F8C-4BF6-BA89-C234C562DCD9}.Debug|Mixed Platforms.Build.0 = Debug|x86
		{ED5B3B6E-0F8C-4BF6-BA89-C234C562DCD9}.Debug|Windows Phone.ActiveCfg = Debug|x86
		{ED5B3B6E-0F8C-4BF6-BA89-C234C562DCD9}.Debug|x86.ActiveCfg = Debug|x86
		{ED5B3B6E-0F8C-4BF6-BA89-C234C562DCD9}.Debug|x86.Build.0 = Debug|x86
		{ED5B3B6E-0F8C-4BF6-BA89-C234C562DCD9}.Debug|Xbox 360.ActiveCfg = Debug|x86
		{ED5B3B6E-0F8C-4BF6-BA89-C234C562DCD9}.Release|Mixed Platforms.ActiveCfg = Release|x86
		{ED5B3B6E-0F8C-4BF6-BA89-C234C562DCD9}.Release|Mixed Platforms.Build.0 = Release|x86
		{ED5B3B6E-0F8C-4BF6-BA89-C234C562DCD9}.Release|Windows Phone.ActiveCfg = Release|x86
		{ED5B3B6E-0F8C-4BF6-BA89-C234C562DCD9}.Release|x86.ActiveCfg = Release|x86
		{ED5B3B6E-0F8C-4BF6-BA89-C234C562DCD9}.Release|x86.Build.0 = Release|x86
		{ED5B3B6E-0F8C-4BF6-BA89-C234C562DCD9}.Release|Xbox 360.ActiveCfg = Release|x86
		{13F422A2-C456-4529-BA66-2485CF3EFADC}.Debug|Mixed Platforms.ActiveCfg = Debug|x86
		{13F422A2-C456-4529-BA66-2485CF3EFADC}.Debug|Windows Phone.ActiveCfg = Debug|x86
		{13F422A2-C456-4529-BA66-2485CF3EFADC}.Debug|x86.ActiveCfg = Debug|x86
		{13F422A2-C456-4529-BA66-2485CF3EFADC}.Debug|Xbox 360.ActiveCfg = Debug|x86
		{13F422A2-C456-4529-BA66-2485CF3EFADC}.Release|Mixed Platforms.ActiveCfg = Release|x86
		{13F422A2-C456-4529-BA66-2485CF3EFADC}.Release|Windows Phone.ActiveCfg = Release|x86
		{13F422A2-C456-4529-BA66-2485CF3EFADC}.Release|x86.ActiveCfg = Release|x86
		{13F422A2-C456-4529-BA66-2485CF3EFADC}.Release|Xbox 360.ActiveCfg = Release|x86
		{D5C54771-6820-42C4-AB4E-CEB8E64B6188}.Debug|Mixed Platforms.ActiveCfg = Debug|Xbox 360
		{D5C54771-6820-42C4-AB4E-CEB8E64B6188}.Debug|Mixed Platforms.Build.0 = Debug|Xbox 360
		{D5C54771-6820-42C4-AB4E-CEB8E64B6188}.Debug|Mixed Platforms.Deploy.0 = Debug|Xbox 360
		{D5C54771-6820-42C4-AB4E-CEB8E64B6188}.Debug|Windows Phone.ActiveCfg = Debug|Xbox 360
		{D5C54771-6820-42C4-AB4E-CEB8E64B6188}.Debug|x86.ActiveCfg = Debug|Xbox 360
		{D5C54771-6820-42C4-AB4E-CEB8E64B6188}.Debug|Xbox 360.ActiveCfg = Debug|Xbox 360
		{D5C54771-6820-42C4-AB4E-CEB8E64B6188}.Debug|Xbox 360.Build.0 = Debug|Xbox 360
		{D5C54771-6820-42C4-AB4E-CEB8E64B6188}.Debug|Xbox 360.Deploy.0 = Debug|Xbox 360
		{D5C54771-6820-42C4-AB4E-CEB8E64B6188}.Release|Mixed Platforms.ActiveCfg = Release|Xbox 360
		{D5C54771-6820-42C4-AB4E-CEB8E64B6188}.Release|Mixed Platforms.Build.0 = Release|Xbox 360
		{D5C54771-6820-42C4-AB4E-CEB8E64B6188}.Release|Mixed Platforms.Deploy.0 = Release|Xbox 360
		{D5C54771-6820-42C4-AB4E-CEB8E64B6188}.Release|Windows Phone.ActiveCfg = Release|Xbox 360
		{D5C54771-6820-42C4-AB4E-CEB8E64B6188}.Release|x86.ActiveCfg = Release|Xbox 360
		{D5C54771-6820-42C4-AB4E-CEB8E64B6188}.Release|Xbox 360.ActiveCfg = Release|Xbox 360
		{D5C54771-6820-42C4-AB4E-CEB8E64B6188}.Release|Xbox 360.Build.0 = Release|Xbox 360
		{D5C54771-6820-42C4-AB4E-CEB8E64B6188}.Release|Xbox 360.Deploy.0 = Release|Xbox 360
	EndGlobalSection
	GlobalSection(SolutionProperties) = preSolution
		HideSolutionNode = FALSE
	EndGlobalSection
EndGlobal
